
Microsoft Visual Studio Solution File, Format Version 12.00
# Visual Studio 15
VisualStudioVersion = 15.0.28010.2016
MinimumVisualStudioVersion = 10.0.40219.1
Project("{FAE04EC0-301F-11D3-BF4B-00C04F79EFBC}") = "HttpTrigger", "HttpTrigger\HttpTrigger.csproj", "{B894C7E2-2C29-4435-90C6-F0807FD0B637}"
EndProject
Global
	GlobalSection(SolutionConfigurationPlatforms) = preSolution
		Debug|Any CPU = Debug|Any CPU
		Release|Any CPU = Release|Any CPU
	EndGlobalSection
	GlobalSection(ProjectConfigurationPlatforms) = postSolution
		{B894C7E2-2C29-4435-90C6-F0807FD0B637}.Debug|Any CPU.ActiveCfg = Debug|Any CPU
		{B894C7E2-2C29-4435-90C6-F0807FD0B637}.Debug|Any CPU.Build.0 = Debug|Any CPU
		{B894C7E2-2C29-4435-90C6-F0807FD0B637}.Release|Any CPU.ActiveCfg = Release|Any CPU
		{B894C7E2-2C29-4435-90C6-F0807FD0B637}.Release|Any CPU.Build.0 = Release|Any CPU
	EndGlobalSection
	GlobalSection(SolutionProperties) = preSolution
		HideSolutionNode = FALSE
	EndGlobalSection
	GlobalSection(ExtensibilityGlobals) = postSolution
		SolutionGuid = {BE6F7A93-A80D-4F68-8820-1E836005DD82}
	EndGlobalSection
EndGlobal
